
Microsoft Visual Studio Solution File, Format Version 12.00
# Visual Studio Version 17
VisualStudioVersion = 17.5.33414.496
MinimumVisualStudioVersion = 10.0.40219.1
Project("{8BC9CEB8-8B4A-11D0-8D11-00A0C91BC942}") = "ParadigmaOOP_117", "ParadigmaOOP_117\ParadigmaOOP_117.vcxproj", "{85DD9EC5-8FAB-4BB0-BF88-A6DB31E5151F}"
EndProject
Project("{8BC9CEB8-8B4A-11D0-8D11-00A0C91BC942}") = "Asosiasi", "Asosiasi\Asosiasi.vcxproj", "{07F0F46C-2632-4C3A-8923-8308E9EE1A1F}"
EndProject
Global
	GlobalSection(SolutionConfigurationPlatforms) = preSolution
		Debug|x64 = Debug|x64
		Debug|x86 = Debug|x86
		Release|x64 = Release|x64
		Release|x86 = Release|x86
	EndGlobalSection
	GlobalSection(ProjectConfigurationPlatforms) = postSolution
		{85DD9EC5-8FAB-4BB0-BF88-A6DB31E5151F}.Debug|x64.ActiveCfg = Debug|x64
		{85DD9EC5-8FAB-4BB0-BF88-A6DB31E5151F}.Debug|x64.Build.0 = Debug|x64
		{85DD9EC5-8FAB-4BB0-BF88-A6DB31E5151F}.Debug|x86.ActiveCfg = Debug|Win32
		{85DD9EC5-8FAB-4BB0-BF88-A6DB31E5151F}.Debug|x86.Build.0 = Debug|Win32
		{85DD9EC5-8FAB-4BB0-BF88-A6DB31E5151F}.Release|x64.ActiveCfg = Release|x64
		{85DD9EC5-8FAB-4BB0-BF88-A6DB31E5151F}.Release|x64.Build.0 = Release|x64
		{85DD9EC5-8FAB-4BB0-BF88-A6DB31E5151F}.Release|x86.ActiveCfg = Release|Win32
		{85DD9EC5-8FAB-4BB0-BF88-A6DB31E5151F}.Release|x86.Build.0 = Release|Win32
		{07F0F46C-2632-4C3A-8923-8308E9EE1A1F}.Debug|x64.ActiveCfg = Debug|x64
		{07F0F46C-2632-4C3A-8923-8308E9EE1A1F}.Debug|x64.Build.0 = Debug|x64
		{07F0F46C-2632-4C3A-8923-8308E9EE1A1F}.Debug|x86.ActiveCfg = Debug|Win32
		{07F0F46C-2632-4C3A-8923-8308E9EE1A1F}.Debug|x86.Build.0 = Debug|Win32
		{07F0F46C-2632-4C3A-8923-8308E9EE1A1F}.Release|x64.ActiveCfg = Release|x64
		{07F0F46C-2632-4C3A-8923-8308E9EE1A1F}.Release|x64.Build.0 = Release|x64
		{07F0F46C-2632-4C3A-8923-8308E9EE1A1F}.Release|x86.ActiveCfg = Release|Win32
		{07F0F46C-2632-4C3A-8923-8308E9EE1A1F}.Release|x86.Build.0 = Release|Win32
	EndGlobalSection
	GlobalSection(SolutionProperties) = preSolution
		HideSolutionNode = FALSE
	EndGlobalSection
	GlobalSection(ExtensibilityGlobals) = postSolution
		SolutionGuid = {F2A2ECBA-0F7E-4069-8A85-FB6DFB346AC3}
	EndGlobalSection
EndGlobal
